
Microsoft Visual Studio Solution File, Format Version 12.00
# Visual Studio Version 17
VisualStudioVersion = 17.8.34004.107
MinimumVisualStudioVersion = 10.0.40219.1
Project("{FAE04EC0-301F-11D3-BF4B-00C04F79EFBC}") = "lab 1", "lab 1\lab 1.csproj", "{F76060F8-6653-4432-AD86-D9F88C2D52B8}"
EndProject
Global
	GlobalSection(SolutionConfigurationPlatforms) = preSolution
		Debug|Any CPU = Debug|Any CPU
		Release|Any CPU = Release|Any CPU
	EndGlobalSection
	GlobalSection(ProjectConfigurationPlatforms) = postSolution
		{F76060F8-6653-4432-AD86-D9F88C2D52B8}.Debug|Any CPU.ActiveCfg = Debug|Any CPU
		{F76060F8-6653-4432-AD86-D9F88C2D52B8}.Debug|Any CPU.Build.0 = Debug|Any CPU
		{F76060F8-6653-4432-AD86-D9F88C2D52B8}.Release|Any CPU.ActiveCfg = Release|Any CPU
		{F76060F8-6653-4432-AD86-D9F88C2D52B8}.Release|Any CPU.Build.0 = Release|Any CPU
	EndGlobalSection
	GlobalSection(SolutionProperties) = preSolution
		HideSolutionNode = FALSE
	EndGlobalSection
	GlobalSection(ExtensibilityGlobals) = postSolution
		SolutionGuid = {D5294A96-2F68-4E6B-A516-EE943E0A1744}
	EndGlobalSection
EndGlobal
